{
  "version": 4,
  "terraform_version": "1.9.4",
  "serial": 15,
  "lineage": "b9b31790-b1dd-db24-239e-579787c2a946",
  "outputs": {
    "bridge_network": {
      "value": "",
      "type": "string"
    },
    "command": {
      "value": [
        "node",
        "server.js"
      ],
      "type": [
        "list",
        "string"
      ]
    },
    "container_id": {
      "value": "2c1a5179d373467931bebb71f47196e1dccaff120de78e01721a54a056a50785",
      "type": "string"
    },
    "container_ports": {
      "value": [
        {
          "external": 8080,
          "internal": 3000,
          "ip": "0.0.0.0",
          "protocol": "tcp"
        }
      ],
      "type": [
        "list",
        [
          "object",
          {
            "external": "number",
            "internal": "number",
            "ip": "string",
            "protocol": "string"
          }
        ]
      ]
    },
    "entrypoint": {
      "value": [
        "docker-entrypoint.sh"
      ],
      "type": [
        "list",
        "string"
      ]
    },
    "environments_variables": {
      "value": [],
      "type": [
        "set",
        "string"
      ]
    }
  },
  "resources": [
    {
      "mode": "managed",
      "type": "docker_container",
      "name": "node_app",
      "provider": "provider[\"registry.terraform.io/kreuzwerker/docker\"]",
      "instances": [
        {
          "status": "tainted",
          "schema_version": 2,
          "attributes": {
            "attach": false,
            "bridge": null,
            "capabilities": [],
            "cgroupns_mode": null,
            "command": null,
            "container_logs": null,
            "container_read_refresh_timeout_milliseconds": 15000,
            "cpu_set": null,
            "cpu_shares": null,
            "destroy_grace_seconds": null,
            "devices": [],
            "dns": null,
            "dns_opts": null,
            "dns_search": null,
            "domainname": null,
            "entrypoint": null,
            "env": [],
            "exit_code": null,
            "gpus": null,
            "group_add": null,
            "healthcheck": null,
            "host": [],
            "hostname": null,
            "id": "9dbc9a9611b6f320dd10e283b15adc5ffc193355f970724428de4f1ad0e0d86d",
            "image": "sha256:423a3a3b8da6e96523e23e18744af4d7229bd48d68e8327416e59baa77bb0f4a",
            "init": null,
            "ipc_mode": null,
            "labels": [],
            "log_driver": null,
            "log_opts": null,
            "logs": false,
            "max_retry_count": null,
            "memory": null,
            "memory_swap": null,
            "mounts": [],
            "must_run": true,
            "name": "node_container",
            "network_data": null,
            "network_mode": null,
            "networks_advanced": [],
            "pid_mode": null,
            "ports": [
              {
                "external": 8080,
                "internal": 3000,
                "ip": "0.0.0.0",
                "protocol": "tcp"
              }
            ],
            "privileged": null,
            "publish_all_ports": null,
            "read_only": false,
            "remove_volumes": true,
            "restart": "no",
            "rm": false,
            "runtime": null,
            "security_opts": [],
            "shm_size": null,
            "start": true,
            "stdin_open": false,
            "stop_signal": null,
            "stop_timeout": null,
            "storage_opts": null,
            "sysctls": null,
            "tmpfs": null,
            "tty": false,
            "ulimit": [],
            "upload": [],
            "user": null,
            "userns_mode": null,
            "volumes": [],
            "wait": false,
            "wait_timeout": 60,
            "working_dir": null
          },
          "sensitive_attributes": [],
          "private": "eyJzY2hlbWFfdmVyc2lvbiI6IjIifQ==",
          "dependencies": [
            "docker_image.node_app"
          ]
        }
      ]
    },
    {
      "mode": "managed",
      "type": "docker_image",
      "name": "node_app",
      "provider": "provider[\"registry.terraform.io/kreuzwerker/docker\"]",
      "instances": [
        {
          "schema_version": 0,
          "attributes": {
            "build": [],
            "force_remove": null,
            "id": "sha256:423a3a3b8da6e96523e23e18744af4d7229bd48d68e8327416e59baa77bb0f4amyblenet/node-sample-server:1.0",
            "image_id": "sha256:423a3a3b8da6e96523e23e18744af4d7229bd48d68e8327416e59baa77bb0f4a",
            "keep_locally": false,
            "name": "myblenet/node-sample-server:1.0",
            "platform": null,
            "pull_triggers": null,
            "repo_digest": "myblenet/node-sample-server@sha256:1a79b8428b2ae01e6c2290307a024b57f3e7d482e527f0783d0568bff85589bf",
            "triggers": null
          },
          "sensitive_attributes": [],
          "private": "bnVsbA=="
        }
      ]
    }
  ],
  "check_results": null
}
