{
  "version": 4,
  "terraform_version": "1.9.4",
  "serial": 17,
  "lineage": "b9b31790-b1dd-db24-239e-579787c2a946",
  "outputs": {
    "bridge_network": {
      "value": "",
      "type": "string"
    },
    "command": {
      "value": [
        "node",
        "server.js"
      ],
      "type": [
        "list",
        "string"
      ]
    },
    "container_id": {
      "value": "f26331d5cdca64fe25000981634900d9fee13db9daedd4a38587f8fff4e52510",
      "type": "string"
    },
    "container_ports": {
      "value": [
        {
          "external": 8080,
          "internal": 3000,
          "ip": "0.0.0.0",
          "protocol": "tcp"
        }
      ],
      "type": [
        "list",
        [
          "object",
          {
            "external": "number",
            "internal": "number",
            "ip": "string",
            "protocol": "string"
          }
        ]
      ]
    },
    "entrypoint": {
      "value": [
        "docker-entrypoint.sh"
      ],
      "type": [
        "list",
        "string"
      ]
    },
    "environments_variables": {
      "value": [],
      "type": [
        "set",
        "string"
      ]
    }
  },
  "resources": [
    {
      "mode": "managed",
      "type": "docker_container",
      "name": "node_app",
      "provider": "provider[\"registry.terraform.io/kreuzwerker/docker\"]",
      "instances": [
        {
          "schema_version": 2,
          "attributes": {
            "attach": false,
            "bridge": "",
            "capabilities": [],
            "cgroupns_mode": null,
            "command": [
              "node",
              "server.js"
            ],
            "container_logs": null,
            "container_read_refresh_timeout_milliseconds": 15000,
            "cpu_set": "",
            "cpu_shares": 0,
            "destroy_grace_seconds": null,
            "devices": [],
            "dns": null,
            "dns_opts": null,
            "dns_search": null,
            "domainname": "",
            "entrypoint": [
              "docker-entrypoint.sh"
            ],
            "env": [],
            "exit_code": null,
            "gpus": null,
            "group_add": null,
            "healthcheck": null,
            "host": [],
            "hostname": "f26331d5cdca",
            "id": "f26331d5cdca64fe25000981634900d9fee13db9daedd4a38587f8fff4e52510",
            "image": "sha256:423a3a3b8da6e96523e23e18744af4d7229bd48d68e8327416e59baa77bb0f4a",
            "init": false,
            "ipc_mode": "private",
            "labels": [],
            "log_driver": "json-file",
            "log_opts": null,
            "logs": false,
            "max_retry_count": 0,
            "memory": 0,
            "memory_swap": 0,
            "mounts": [],
            "must_run": true,
            "name": "node_container",
            "network_data": [
              {
                "gateway": "172.17.0.1",
                "global_ipv6_address": "",
                "global_ipv6_prefix_length": 0,
                "ip_address": "172.17.0.3",
                "ip_prefix_length": 16,
                "ipv6_gateway": "",
                "mac_address": "02:42:ac:11:00:03",
                "network_name": "bridge"
              }
            ],
            "network_mode": "bridge",
            "networks_advanced": [],
            "pid_mode": "",
            "ports": [
              {
                "external": 8080,
                "internal": 3000,
                "ip": "0.0.0.0",
                "protocol": "tcp"
              }
            ],
            "privileged": false,
            "publish_all_ports": false,
            "read_only": false,
            "remove_volumes": true,
            "restart": "no",
            "rm": false,
            "runtime": "runc",
            "security_opts": [],
            "shm_size": 64,
            "start": true,
            "stdin_open": false,
            "stop_signal": "",
            "stop_timeout": 0,
            "storage_opts": null,
            "sysctls": null,
            "tmpfs": null,
            "tty": false,
            "ulimit": [],
            "upload": [],
            "user": "",
            "userns_mode": "",
            "volumes": [],
            "wait": false,
            "wait_timeout": 60,
            "working_dir": "/usr/src/app"
          },
          "sensitive_attributes": [],
          "private": "eyJzY2hlbWFfdmVyc2lvbiI6IjIifQ==",
          "dependencies": [
            "docker_image.node_app"
          ]
        }
      ]
    },
    {
      "mode": "managed",
      "type": "docker_image",
      "name": "node_app",
      "provider": "provider[\"registry.terraform.io/kreuzwerker/docker\"]",
      "instances": [
        {
          "schema_version": 0,
          "attributes": {
            "build": [],
            "force_remove": null,
            "id": "sha256:423a3a3b8da6e96523e23e18744af4d7229bd48d68e8327416e59baa77bb0f4amyblenet/node-sample-server:1.0",
            "image_id": "sha256:423a3a3b8da6e96523e23e18744af4d7229bd48d68e8327416e59baa77bb0f4a",
            "keep_locally": false,
            "name": "myblenet/node-sample-server:1.0",
            "platform": null,
            "pull_triggers": null,
            "repo_digest": "myblenet/node-sample-server@sha256:1a79b8428b2ae01e6c2290307a024b57f3e7d482e527f0783d0568bff85589bf",
            "triggers": null
          },
          "sensitive_attributes": [],
          "private": "bnVsbA=="
        }
      ]
    }
  ],
  "check_results": null
}
